
Microsoft Visual Studio Solution File, Format Version 12.00
# Visual Studio Version 17
VisualStudioVersion = 17.9.34902.65
MinimumVisualStudioVersion = 10.0.40219.1
Project("{2150E333-8FDC-42A3-9474-1A3956D46DE8}") = "src", "src", "{A0947BAA-D8AF-48DD-B09D-A30B6AD8BD4D}"
EndProject
Project("{9A19103F-16F7-4668-BE54-9A1E7A4F7556}") = "Cognas.ApiTools.SourceGenerators", "src\Cognas.ApiTools.SourceGenerators\Cognas.ApiTools.SourceGenerators.csproj", "{33D75588-E095-49EE-9EFE-DF53062012C3}"
EndProject
Project("{9A19103F-16F7-4668-BE54-9A1E7A4F7556}") = "Cognas.ApiTools", "src\Cognas.ApiTools\Cognas.ApiTools.csproj", "{794CE30E-5A67-406F-8FB9-C59C4FE16572}"
EndProject
Project("{9A19103F-16F7-4668-BE54-9A1E7A4F7556}") = "Cognas.ApiTools.Data", "src\Cognas.ApiTools.Data\Cognas.ApiTools.Data.csproj", "{7BBA8957-F55E-42CE-B9F4-EAA7D3A9B481}"
EndProject
Project("{9A19103F-16F7-4668-BE54-9A1E7A4F7556}") = "Cognas.ApiTools.Shared", "src\Cognas.ApiTools.Shared\Cognas.ApiTools.Shared.csproj", "{18D8D2C3-E4C2-44AB-881B-E355976CC801}"
EndProject
Project("{2150E333-8FDC-42A3-9474-1A3956D46DE8}") = "docs", "docs", "{33A27DE3-8AF5-471B-9AFC-BF73C10AB725}"
	ProjectSection(SolutionItems) = preProject
		LICENSE = LICENSE
		docs\Notes.md = docs\Notes.md
		README.md = README.md
	EndProjectSection
EndProject
Project("{2150E333-8FDC-42A3-9474-1A3956D46DE8}") = "test", "test", "{B2065A35-5183-4B69-9CBB-87C32C567F70}"
EndProject
Project("{2150E333-8FDC-42A3-9474-1A3956D46DE8}") = "samples", "samples", "{6BE9FB4C-66B8-4235-BDAD-13E6BDFA437D}"
EndProject
Project("{9A19103F-16F7-4668-BE54-9A1E7A4F7556}") = "Shared.UnitTests", "test\Shared.UnitTests\Shared.UnitTests.csproj", "{35EB0963-260F-4404-B5F2-6A80F6FC9934}"
EndProject
Project("{9A19103F-16F7-4668-BE54-9A1E7A4F7556}") = "Data.UnitTests", "test\Data.UnitTests\Data.UnitTests.csproj", "{CD2BA6D6-A57A-4B3F-BCC2-03438CAB3F17}"
EndProject
Project("{9A19103F-16F7-4668-BE54-9A1E7A4F7556}") = "ApiTools.UnitTests", "test\ApiTools.UnitTests\ApiTools.UnitTests.csproj", "{59372427-5334-4032-94C0-CB77D2CF1E18}"
EndProject
Project("{9A19103F-16F7-4668-BE54-9A1E7A4F7556}") = "Samples.MusicCollection.Api", "samples\Samples.MusicCollection.Api\Samples.MusicCollection.Api.csproj", "{0AC54B1E-D423-44B7-9DF0-8F7B0DB3AFA6}"
EndProject
Project("{2150E333-8FDC-42A3-9474-1A3956D46DE8}") = "data", "data", "{29544575-4E50-449E-810B-140FF99ED0DC}"
EndProject
Project("{00D1A9C2-B5F0-4AF3-8072-F6C62B433612}") = "Samples.MusicCollection.Data", "data\Samples.MusicCollection.Data\Samples.MusicCollection.Data.sqlproj", "{74FCF198-332C-4D19-9D44-14FBCC75B430}"
EndProject
Project("{9A19103F-16F7-4668-BE54-9A1E7A4F7556}") = "Samples.MusicCollection.App", "samples\Samples.MusicCollection.App\Samples.MusicCollection.App.csproj", "{971506CE-89B3-46BB-B55C-87200B1BF12D}"
EndProject
Project("{9A19103F-16F7-4668-BE54-9A1E7A4F7556}") = "Cognas.Tools.Shared", "src\Cognas.Tools.Shared\Cognas.Tools.Shared.csproj", "{0A45B6EC-CB8D-4D56-AB68-DBEE2430B107}"
EndProject
Project("{9A19103F-16F7-4668-BE54-9A1E7A4F7556}") = "Cognas.MauiTools.Shared", "src\Cognas.MauiTools.Shared\Cognas.MauiTools.Shared.csproj", "{AC6B81E4-A457-4776-A447-1C1E3EBE6C46}"
EndProject
Project("{9A19103F-16F7-4668-BE54-9A1E7A4F7556}") = "Samples.QuickStart", "samples\Samples.QuickStart\Samples.QuickStart.csproj", "{71086FE2-5318-4ECB-A3EA-42F67FCBAFE1}"
EndProject
Project("{9A19103F-16F7-4668-BE54-9A1E7A4F7556}") = "MusicCollectionApi.IntegrationTests", "test\MusicCollectionApi.IntegrationTests\MusicCollectionApi.IntegrationTests.csproj", "{6A4A479A-5C2E-4342-8961-5B6E7BC0F7AB}"
EndProject
Global
	GlobalSection(SolutionConfigurationPlatforms) = preSolution
		Debug|Any CPU = Debug|Any CPU
		Release|Any CPU = Release|Any CPU
	EndGlobalSection
	GlobalSection(ProjectConfigurationPlatforms) = postSolution
		{33D75588-E095-49EE-9EFE-DF53062012C3}.Debug|Any CPU.ActiveCfg = Debug|Any CPU
		{33D75588-E095-49EE-9EFE-DF53062012C3}.Debug|Any CPU.Build.0 = Debug|Any CPU
		{33D75588-E095-49EE-9EFE-DF53062012C3}.Release|Any CPU.ActiveCfg = Release|Any CPU
		{33D75588-E095-49EE-9EFE-DF53062012C3}.Release|Any CPU.Build.0 = Release|Any CPU
		{794CE30E-5A67-406F-8FB9-C59C4FE16572}.Debug|Any CPU.ActiveCfg = Debug|Any CPU
		{794CE30E-5A67-406F-8FB9-C59C4FE16572}.Debug|Any CPU.Build.0 = Debug|Any CPU
		{794CE30E-5A67-406F-8FB9-C59C4FE16572}.Release|Any CPU.ActiveCfg = Release|Any CPU
		{794CE30E-5A67-406F-8FB9-C59C4FE16572}.Release|Any CPU.Build.0 = Release|Any CPU
		{7BBA8957-F55E-42CE-B9F4-EAA7D3A9B481}.Debug|Any CPU.ActiveCfg = Debug|Any CPU
		{7BBA8957-F55E-42CE-B9F4-EAA7D3A9B481}.Debug|Any CPU.Build.0 = Debug|Any CPU
		{7BBA8957-F55E-42CE-B9F4-EAA7D3A9B481}.Release|Any CPU.ActiveCfg = Release|Any CPU
		{7BBA8957-F55E-42CE-B9F4-EAA7D3A9B481}.Release|Any CPU.Build.0 = Release|Any CPU
		{18D8D2C3-E4C2-44AB-881B-E355976CC801}.Debug|Any CPU.ActiveCfg = Debug|Any CPU
		{18D8D2C3-E4C2-44AB-881B-E355976CC801}.Debug|Any CPU.Build.0 = Debug|Any CPU
		{18D8D2C3-E4C2-44AB-881B-E355976CC801}.Release|Any CPU.ActiveCfg = Release|Any CPU
		{18D8D2C3-E4C2-44AB-881B-E355976CC801}.Release|Any CPU.Build.0 = Release|Any CPU
		{35EB0963-260F-4404-B5F2-6A80F6FC9934}.Debug|Any CPU.ActiveCfg = Debug|Any CPU
		{35EB0963-260F-4404-B5F2-6A80F6FC9934}.Debug|Any CPU.Build.0 = Debug|Any CPU
		{35EB0963-260F-4404-B5F2-6A80F6FC9934}.Release|Any CPU.ActiveCfg = Release|Any CPU
		{35EB0963-260F-4404-B5F2-6A80F6FC9934}.Release|Any CPU.Build.0 = Release|Any CPU
		{CD2BA6D6-A57A-4B3F-BCC2-03438CAB3F17}.Debug|Any CPU.ActiveCfg = Debug|Any CPU
		{CD2BA6D6-A57A-4B3F-BCC2-03438CAB3F17}.Debug|Any CPU.Build.0 = Debug|Any CPU
		{CD2BA6D6-A57A-4B3F-BCC2-03438CAB3F17}.Release|Any CPU.ActiveCfg = Release|Any CPU
		{CD2BA6D6-A57A-4B3F-BCC2-03438CAB3F17}.Release|Any CPU.Build.0 = Release|Any CPU
		{59372427-5334-4032-94C0-CB77D2CF1E18}.Debug|Any CPU.ActiveCfg = Debug|Any CPU
		{59372427-5334-4032-94C0-CB77D2CF1E18}.Debug|Any CPU.Build.0 = Debug|Any CPU
		{59372427-5334-4032-94C0-CB77D2CF1E18}.Release|Any CPU.ActiveCfg = Release|Any CPU
		{59372427-5334-4032-94C0-CB77D2CF1E18}.Release|Any CPU.Build.0 = Release|Any CPU
		{0AC54B1E-D423-44B7-9DF0-8F7B0DB3AFA6}.Debug|Any CPU.ActiveCfg = Debug|Any CPU
		{0AC54B1E-D423-44B7-9DF0-8F7B0DB3AFA6}.Debug|Any CPU.Build.0 = Debug|Any CPU
		{0AC54B1E-D423-44B7-9DF0-8F7B0DB3AFA6}.Release|Any CPU.ActiveCfg = Release|Any CPU
		{0AC54B1E-D423-44B7-9DF0-8F7B0DB3AFA6}.Release|Any CPU.Build.0 = Release|Any CPU
		{74FCF198-332C-4D19-9D44-14FBCC75B430}.Debug|Any CPU.ActiveCfg = Debug|Any CPU
		{74FCF198-332C-4D19-9D44-14FBCC75B430}.Debug|Any CPU.Build.0 = Debug|Any CPU
		{74FCF198-332C-4D19-9D44-14FBCC75B430}.Debug|Any CPU.Deploy.0 = Debug|Any CPU
		{74FCF198-332C-4D19-9D44-14FBCC75B430}.Release|Any CPU.ActiveCfg = Release|Any CPU
		{74FCF198-332C-4D19-9D44-14FBCC75B430}.Release|Any CPU.Build.0 = Release|Any CPU
		{74FCF198-332C-4D19-9D44-14FBCC75B430}.Release|Any CPU.Deploy.0 = Release|Any CPU
		{971506CE-89B3-46BB-B55C-87200B1BF12D}.Debug|Any CPU.ActiveCfg = Debug|Any CPU
		{971506CE-89B3-46BB-B55C-87200B1BF12D}.Debug|Any CPU.Build.0 = Debug|Any CPU
		{971506CE-89B3-46BB-B55C-87200B1BF12D}.Debug|Any CPU.Deploy.0 = Debug|Any CPU
		{971506CE-89B3-46BB-B55C-87200B1BF12D}.Release|Any CPU.ActiveCfg = Release|Any CPU
		{971506CE-89B3-46BB-B55C-87200B1BF12D}.Release|Any CPU.Build.0 = Release|Any CPU
		{971506CE-89B3-46BB-B55C-87200B1BF12D}.Release|Any CPU.Deploy.0 = Release|Any CPU
		{0A45B6EC-CB8D-4D56-AB68-DBEE2430B107}.Debug|Any CPU.ActiveCfg = Debug|Any CPU
		{0A45B6EC-CB8D-4D56-AB68-DBEE2430B107}.Debug|Any CPU.Build.0 = Debug|Any CPU
		{0A45B6EC-CB8D-4D56-AB68-DBEE2430B107}.Release|Any CPU.ActiveCfg = Release|Any CPU
		{0A45B6EC-CB8D-4D56-AB68-DBEE2430B107}.Release|Any CPU.Build.0 = Release|Any CPU
		{AC6B81E4-A457-4776-A447-1C1E3EBE6C46}.Debug|Any CPU.ActiveCfg = Debug|Any CPU
		{AC6B81E4-A457-4776-A447-1C1E3EBE6C46}.Debug|Any CPU.Build.0 = Debug|Any CPU
		{AC6B81E4-A457-4776-A447-1C1E3EBE6C46}.Release|Any CPU.ActiveCfg = Release|Any CPU
		{AC6B81E4-A457-4776-A447-1C1E3EBE6C46}.Release|Any CPU.Build.0 = Release|Any CPU
		{71086FE2-5318-4ECB-A3EA-42F67FCBAFE1}.Debug|Any CPU.ActiveCfg = Debug|Any CPU
		{71086FE2-5318-4ECB-A3EA-42F67FCBAFE1}.Debug|Any CPU.Build.0 = Debug|Any CPU
		{71086FE2-5318-4ECB-A3EA-42F67FCBAFE1}.Release|Any CPU.ActiveCfg = Release|Any CPU
		{71086FE2-5318-4ECB-A3EA-42F67FCBAFE1}.Release|Any CPU.Build.0 = Release|Any CPU
		{6A4A479A-5C2E-4342-8961-5B6E7BC0F7AB}.Debug|Any CPU.ActiveCfg = Debug|Any CPU
		{6A4A479A-5C2E-4342-8961-5B6E7BC0F7AB}.Debug|Any CPU.Build.0 = Debug|Any CPU
		{6A4A479A-5C2E-4342-8961-5B6E7BC0F7AB}.Release|Any CPU.ActiveCfg = Release|Any CPU
		{6A4A479A-5C2E-4342-8961-5B6E7BC0F7AB}.Release|Any CPU.Build.0 = Release|Any CPU
	EndGlobalSection
	GlobalSection(SolutionProperties) = preSolution
		HideSolutionNode = FALSE
	EndGlobalSection
	GlobalSection(NestedProjects) = preSolution
		{33D75588-E095-49EE-9EFE-DF53062012C3} = {A0947BAA-D8AF-48DD-B09D-A30B6AD8BD4D}
		{794CE30E-5A67-406F-8FB9-C59C4FE16572} = {A0947BAA-D8AF-48DD-B09D-A30B6AD8BD4D}
		{7BBA8957-F55E-42CE-B9F4-EAA7D3A9B481} = {A0947BAA-D8AF-48DD-B09D-A30B6AD8BD4D}
		{18D8D2C3-E4C2-44AB-881B-E355976CC801} = {A0947BAA-D8AF-48DD-B09D-A30B6AD8BD4D}
		{35EB0963-260F-4404-B5F2-6A80F6FC9934} = {B2065A35-5183-4B69-9CBB-87C32C567F70}
		{CD2BA6D6-A57A-4B3F-BCC2-03438CAB3F17} = {B2065A35-5183-4B69-9CBB-87C32C567F70}
		{59372427-5334-4032-94C0-CB77D2CF1E18} = {B2065A35-5183-4B69-9CBB-87C32C567F70}
		{0AC54B1E-D423-44B7-9DF0-8F7B0DB3AFA6} = {6BE9FB4C-66B8-4235-BDAD-13E6BDFA437D}
		{74FCF198-332C-4D19-9D44-14FBCC75B430} = {29544575-4E50-449E-810B-140FF99ED0DC}
		{971506CE-89B3-46BB-B55C-87200B1BF12D} = {6BE9FB4C-66B8-4235-BDAD-13E6BDFA437D}
		{0A45B6EC-CB8D-4D56-AB68-DBEE2430B107} = {A0947BAA-D8AF-48DD-B09D-A30B6AD8BD4D}
		{AC6B81E4-A457-4776-A447-1C1E3EBE6C46} = {A0947BAA-D8AF-48DD-B09D-A30B6AD8BD4D}
		{71086FE2-5318-4ECB-A3EA-42F67FCBAFE1} = {6BE9FB4C-66B8-4235-BDAD-13E6BDFA437D}
		{6A4A479A-5C2E-4342-8961-5B6E7BC0F7AB} = {B2065A35-5183-4B69-9CBB-87C32C567F70}
	EndGlobalSection
	GlobalSection(ExtensibilityGlobals) = postSolution
		SolutionGuid = {2F626B56-6820-4F60-B107-9F37E5A7ABF7}
	EndGlobalSection
EndGlobal
